
Microsoft Visual Studio Solution File, Format Version 12.00
# Visual Studio Version 17
VisualStudioVersion = 17.11.35303.130
MinimumVisualStudioVersion = 10.0.40219.1
Project("{FAE04EC0-301F-11D3-BF4B-00C04F79EFBC}") = "Proj.DaejeonConverter", "Proj.DaejeonConverter\Proj.DaejeonConverter.csproj", "{3672319E-D7C4-496F-9134-F49483ABB644}"
EndProject
Global
	GlobalSection(SolutionConfigurationPlatforms) = preSolution
		Debug|Any CPU = Debug|Any CPU
		Release|Any CPU = Release|Any CPU
	EndGlobalSection
	GlobalSection(ProjectConfigurationPlatforms) = postSolution
		{3672319E-D7C4-496F-9134-F49483ABB644}.Debug|Any CPU.ActiveCfg = Debug|Any CPU
		{3672319E-D7C4-496F-9134-F49483ABB644}.Debug|Any CPU.Build.0 = Debug|Any CPU
		{3672319E-D7C4-496F-9134-F49483ABB644}.Release|Any CPU.ActiveCfg = Release|Any CPU
		{3672319E-D7C4-496F-9134-F49483ABB644}.Release|Any CPU.Build.0 = Release|Any CPU
	EndGlobalSection
	GlobalSection(SolutionProperties) = preSolution
		HideSolutionNode = FALSE
	EndGlobalSection
	GlobalSection(ExtensibilityGlobals) = postSolution
		SolutionGuid = {B3CD3B01-C9F7-4184-82E5-C9C243221705}
	EndGlobalSection
EndGlobal
